// !$*UTF8*$!
{
	archiveVersion = 1;
	classes = {
	};
	objectVersion = 50;
	objects = {

/* Begin PBXBuildFile section */
		A052847524F8ABFB00FC2945 /* AppDelegate.swift in Sources */ = {isa = PBXBuildFile; fileRef = A052847424F8ABFB00FC2945 /* AppDelegate.swift */; };
		A052847724F8ABFB00FC2945 /* SceneDelegate.swift in Sources */ = {isa = PBXBuildFile; fileRef = A052847624F8ABFB00FC2945 /* SceneDelegate.swift */; };
		A052847924F8ABFB00FC2945 /* ViewController.swift in Sources */ = {isa = PBXBuildFile; fileRef = A052847824F8ABFB00FC2945 /* ViewController.swift */; };
		A052847C24F8ABFB00FC2945 /* Main.storyboard in Resources */ = {isa = PBXBuildFile; fileRef = A052847A24F8ABFB00FC2945 /* Main.storyboard */; };
		A052847E24F8ABFC00FC2945 /* Assets.xcassets in Resources */ = {isa = PBXBuildFile; fileRef = A052847D24F8ABFC00FC2945 /* Assets.xcassets */; };
		A052848124F8ABFC00FC2945 /* LaunchScreen.storyboard in Resources */ = {isa = PBXBuildFile; fileRef = A052847F24F8ABFC00FC2945 /* LaunchScreen.storyboard */; };
/* End PBXBuildFile section */

/* Begin PBXFileReference section */
		A052847124F8ABFB00FC2945 /* _CreativeApps_called Mod1_CreativeApp_GamePaigeK.app */ = {isa = PBXFileReference; explicitFileType = wrapper.application; includeInIndex = 0; path = "_CreativeApps_called Mod1_CreativeApp_GamePaigeK.app"; sourceTree = BUILT_PRODUCTS_DIR; };
		A052847424F8ABFB00FC2945 /* AppDelegate.swift */ = {isa = PBXFileReference; lastKnownFileType = sourcecode.swift; path = AppDelegate.swift; sourceTree = "<group>"; };
		A052847624F8ABFB00FC2945 /* SceneDelegate.swift */ = {isa = PBXFileReference; lastKnownFileType = sourcecode.swift; path = SceneDelegate.swift; sourceTree = "<group>"; };
		A052847824F8ABFB00FC2945 /* ViewController.swift */ = {isa = PBXFileReference; lastKnownFileType = sourcecode.swift; path = ViewController.swift; sourceTree = "<group>"; };
		A052847B24F8ABFB00FC2945 /* Base */ = {isa = PBXFileReference; lastKnownFileType = file.storyboard; name = Base; path = Base.lproj/Main.storyboard; sourceTree = "<group>"; };
		A052847D24F8ABFC00FC2945 /* Assets.xcassets */ = {isa = PBXFileReference; lastKnownFileType = folder.assetcatalog; path = Assets.xcassets; sourceTree = "<group>"; };
		A052848024F8ABFC00FC2945 /* Base */ = {isa = PBXFileReference; lastKnownFileType = file.storyboard; name = Base; path = Base.lproj/LaunchScreen.storyboard; sourceTree = "<group>"; };
		A052848224F8ABFC00FC2945 /* Info.plist */ = {isa = PBXFileReference; lastKnownFileType = text.plist.xml; path = Info.plist; sourceTree = "<group>"; };
/* End PBXFileReference section */

/* Begin PBXFrameworksBuildPhase section */
		A052846E24F8ABFB00FC2945 /* Frameworks */ = {
			isa = PBXFrameworksBuildPhase;
			buildActionMask = 2147483647;
			files = (
			);
			runOnlyForDeploymentPostprocessing = 0;
		};
/* End PBXFrameworksBuildPhase section */

/* Begin PBXGroup section */
		A052846824F8ABFB00FC2945 = {
			isa = PBXGroup;
			children = (
				A052847324F8ABFB00FC2945 /* _CreativeApps_called Mod1_CreativeApp_GamePaigeK */,
				A052847224F8ABFB00FC2945 /* Products */,
			);
			sourceTree = "<group>";
		};
		A052847224F8ABFB00FC2945 /* Products */ = {
			isa = PBXGroup;
			children = (
				A052847124F8ABFB00FC2945 /* _CreativeApps_called Mod1_CreativeApp_GamePaigeK.app */,
			);
			name = Products;
			sourceTree = "<group>";
		};
		A052847324F8ABFB00FC2945 /* _CreativeApps_called Mod1_CreativeApp_GamePaigeK */ = {
			isa = PBXGroup;
			children = (
				A052847424F8ABFB00FC2945 /* AppDelegate.swift */,
				A052847624F8ABFB00FC2945 /* SceneDelegate.swift */,
				A052847824F8ABFB00FC2945 /* ViewController.swift */,
				A052847A24F8ABFB00FC2945 /* Main.storyboard */,
				A052847D24F8ABFC00FC2945 /* Assets.xcassets */,
				A052847F24F8ABFC00FC2945 /* LaunchScreen.storyboard */,
				A052848224F8ABFC00FC2945 /* Info.plist */,
			);
			path = "_CreativeApps_called Mod1_CreativeApp_GamePaigeK";
			sourceTree = "<group>";
		};
/* End PBXGroup section */

/* Begin PBXNativeTarget section */
		A052847024F8ABFB00FC2945 /* _CreativeApps_called Mod1_CreativeApp_GamePaigeK */ = {
			isa = PBXNativeTarget;
			buildConfigurationList = A052848524F8ABFC00FC2945 /* Build configuration list for PBXNativeTarget "_CreativeApps_called Mod1_CreativeApp_GamePaigeK" */;
			buildPhases = (
				A052846D24F8ABFB00FC2945 /* Sources */,
				A052846E24F8ABFB00FC2945 /* Frameworks */,
				A052846F24F8ABFB00FC2945 /* Resources */,
			);
			buildRules = (
			);
			dependencies = (
			);
			name = "_CreativeApps_called Mod1_CreativeApp_GamePaigeK";
			productName = "_CreativeApps_called Mod1_CreativeApp_GamePaigeK";
			productReference = A052847124F8ABFB00FC2945 /* _CreativeApps_called Mod1_CreativeApp_GamePaigeK.app */;
			productType = "com.apple.product-type.application";
		};
/* End PBXNativeTarget section */

/* Begin PBXProject section */
		A052846924F8ABFB00FC2945 /* Project object */ = {
			isa = PBXProject;
			attributes = {
				LastSwiftUpdateCheck = 1160;
				LastUpgradeCheck = 1160;
				ORGANIZATIONNAME = clc.Paige;
				TargetAttributes = {
					A052847024F8ABFB00FC2945 = {
						CreatedOnToolsVersion = 11.6;
					};
				};
			};
			buildConfigurationList = A052846C24F8ABFB00FC2945 /* Build configuration list for PBXProject "_CreativeApps_called Mod1_CreativeApp_GamePaigeK" */;
			compatibilityVersion = "Xcode 9.3";
			developmentRegion = en;
			hasScannedForEncodings = 0;
			knownRegions = (
				en,
				Base,
			);
			mainGroup = A052846824F8ABFB00FC2945;
			productRefGroup = A052847224F8ABFB00FC2945 /* Products */;
			projectDirPath = "";
			projectRoot = "";
			targets = (
				A052847024F8ABFB00FC2945 /* _CreativeApps_called Mod1_CreativeApp_GamePaigeK */,
			);
		};
/* End PBXProject section */

/* Begin PBXResourcesBuildPhase section */
		A052846F24F8ABFB00FC2945 /* Resources */ = {
			isa = PBXResourcesBuildPhase;
			buildActionMask = 2147483647;
			files = (
				A052848124F8ABFC00FC2945 /* LaunchScreen.storyboard in Resources */,
				A052847E24F8ABFC00FC2945 /* Assets.xcassets in Resources */,
				A052847C24F8ABFB00FC2945 /* Main.storyboard in Resources */,
			);
			runOnlyForDeploymentPostprocessing = 0;
		};
/* End PBXResourcesBuildPhase section */

/* Begin PBXSourcesBuildPhase section */
		A052846D24F8ABFB00FC2945 /* Sources */ = {
			isa = PBXSourcesBuildPhase;
			buildActionMask = 2147483647;
			files = (
				A052847924F8ABFB00FC2945 /* ViewController.swift in Sources */,
				A052847524F8ABFB00FC2945 /* AppDelegate.swift in Sources */,
				A052847724F8ABFB00FC2945 /* SceneDelegate.swift in Sources */,
			);
			runOnlyForDeploymentPostprocessing = 0;
		};
/* End PBXSourcesBuildPhase section */

/* Begin PBXVariantGroup section */
		A052847A24F8ABFB00FC2945 /* Main.storyboard */ = {
			isa = PBXVariantGroup;
			children = (
				A052847B24F8ABFB00FC2945 /* Base */,
			);
			name = Main.storyboard;
			sourceTree = "<group>";
		};
		A052847F24F8ABFC00FC2945 /* LaunchScreen.storyboard */ = {
			isa = PBXVariantGroup;
			children = (
				A052848024F8ABFC00FC2945 /* Base */,
			);
			name = LaunchScreen.storyboard;
			sourceTree = "<group>";
		};
/* End PBXVariantGroup section */

/* Begin XCBuildConfiguration section */
		A052848324F8ABFC00FC2945 /* Debug */ = {
			isa = XCBuildConfiguration;
			buildSettings = {
				ALWAYS_SEARCH_USER_PATHS = NO;
				CLANG_ANALYZER_NONNULL = YES;
				CLANG_ANALYZER_NUMBER_OBJECT_CONVERSION = YES_AGGRESSIVE;
				CLANG_CXX_LANGUAGE_STANDARD = "gnu++14";
				CLANG_CXX_LIBRARY = "libc++";
				CLANG_ENABLE_MODULES = YES;
				CLANG_ENABLE_OBJC_ARC = YES;
				CLANG_ENABLE_OBJC_WEAK = YES;
				CLANG_WARN_BLOCK_CAPTURE_AUTORELEASING = YES;
				CLANG_WARN_BOOL_CONVERSION = YES;
				CLANG_WARN_COMMA = YES;
				CLANG_WARN_CONSTANT_CONVERSION = YES;
				CLANG_WARN_DEPRECATED_OBJC_IMPLEMENTATIONS = YES;
				CLANG_WARN_DIRECT_OBJC_ISA_USAGE = YES_ERROR;
				CLANG_WARN_DOCUMENTATION_COMMENTS = YES;
				CLANG_WARN_EMPTY_BODY = YES;
				CLANG_WARN_ENUM_CONVERSION = YES;
				CLANG_WARN_INFINITE_RECURSION = YES;
				CLANG_WARN_INT_CONVERSION = YES;
				CLANG_WARN_NON_LITERAL_NULL_CONVERSION = YES;
				CLANG_WARN_OBJC_IMPLICIT_RETAIN_SELF = YES;
				CLANG_WARN_OBJC_LITERAL_CONVERSION = YES;
				CLANG_WARN_OBJC_ROOT_CLASS = YES_ERROR;
				CLANG_WARN_RANGE_LOOP_ANALYSIS = YES;
				CLANG_WARN_STRICT_PROTOTYPES = YES;
				CLANG_WARN_SUSPICIOUS_MOVE = YES;
				CLANG_WARN_UNGUARDED_AVAILABILITY = YES_AGGRESSIVE;
				CLANG_WARN_UNREACHABLE_CODE = YES;
				CLANG_WARN__DUPLICATE_METHOD_MATCH = YES;
				COPY_PHASE_STRIP = NO;
				DEBUG_INFORMATION_FORMAT = dwarf;
				ENABLE_STRICT_OBJC_MSGSEND = YES;
				ENABLE_TESTABILITY = YES;
				GCC_C_LANGUAGE_STANDARD = gnu11;
				GCC_DYNAMIC_NO_PIC = NO;
				GCC_NO_COMMON_BLOCKS = YES;
				GCC_OPTIMIZATION_LEVEL = 0;
				GCC_PREPROCESSOR_DEFINITIONS = (
					"DEBUG=1",
					"$(inherited)",
				);
				GCC_WARN_64_TO_32_BIT_CONVERSION = YES;
				GCC_WARN_ABOUT_RETURN_TYPE = YES_ERROR;
				GCC_WARN_UNDECLARED_SELECTOR = YES;
				GCC_WARN_UNINITIALIZED_AUTOS = YES_AGGRESSIVE;
				GCC_WARN_UNUSED_FUNCTION = YES;
				GCC_WARN_UNUSED_VARIABLE = YES;
				IPHONEOS_DEPLOYMENT_TARGET = 13.6;
				MTL_ENABLE_DEBUG_INFO = INCLUDE_SOURCE;
				MTL_FAST_MATH = YES;
				ONLY_ACTIVE_ARCH = YES;
				SDKROOT = iphoneos;
				SWIFT_ACTIVE_COMPILATION_CONDITIONS = DEBUG;
				SWIFT_OPTIMIZATION_LEVEL = "-Onone";
			};
			name = Debug;
		};
		A052848424F8ABFC00FC2945 /* Release */ = {
			isa = XCBuildConfiguration;
			buildSettings = {
				ALWAYS_SEARCH_USER_PATHS = NO;
				CLANG_ANALYZER_NONNULL = YES;
				CLANG_ANALYZER_NUMBER_OBJECT_CONVERSION = YES_AGGRESSIVE;
				CLANG_CXX_LANGUAGE_STANDARD = "gnu++14";
				CLANG_CXX_LIBRARY = "libc++";
				CLANG_ENABLE_MODULES = YES;
				CLANG_ENABLE_OBJC_ARC = YES;
				CLANG_ENABLE_OBJC_WEAK = YES;
				CLANG_WARN_BLOCK_CAPTURE_AUTORELEASING = YES;
				CLANG_WARN_BOOL_CONVERSION = YES;
				CLANG_WARN_COMMA = YES;
				CLANG_WARN_CONSTANT_CONVERSION = YES;
				CLANG_WARN_DEPRECATED_OBJC_IMPLEMENTATIONS = YES;
				CLANG_WARN_DIRECT_OBJC_ISA_USAGE = YES_ERROR;
				CLANG_WARN_DOCUMENTATION_COMMENTS = YES;
				CLANG_WARN_EMPTY_BODY = YES;
				CLANG_WARN_ENUM_CONVERSION = YES;
				CLANG_WARN_INFINITE_RECURSION = YES;
				CLANG_WARN_INT_CONVERSION = YES;
				CLANG_WARN_NON_LITERAL_NULL_CONVERSION = YES;
				CLANG_WARN_OBJC_IMPLICIT_RETAIN_SELF = YES;
				CLANG_WARN_OBJC_LITERAL_CONVERSION = YES;
				CLANG_WARN_OBJC_ROOT_CLASS = YES_ERROR;
				CLANG_WARN_RANGE_LOOP_ANALYSIS = YES;
				CLANG_WARN_STRICT_PROTOTYPES = YES;
				CLANG_WARN_SUSPICIOUS_MOVE = YES;
				CLANG_WARN_UNGUARDED_AVAILABILITY = YES_AGGRESSIVE;
				CLANG_WARN_UNREACHABLE_CODE = YES;
				CLANG_WARN__DUPLICATE_METHOD_MATCH = YES;
				COPY_PHASE_STRIP = NO;
				DEBUG_INFORMATION_FORMAT = "dwarf-with-dsym";
				ENABLE_NS_ASSERTIONS = NO;
				ENABLE_STRICT_OBJC_MSGSEND = YES;
				GCC_C_LANGUAGE_STANDARD = gnu11;
				GCC_NO_COMMON_BLOCKS = YES;
				GCC_WARN_64_TO_32_BIT_CONVERSION = YES;
				GCC_WARN_ABOUT_RETURN_TYPE = YES_ERROR;
				GCC_WARN_UNDECLARED_SELECTOR = YES;
				GCC_WARN_UNINITIALIZED_AUTOS = YES_AGGRESSIVE;
				GCC_WARN_UNUSED_FUNCTION = YES;
				GCC_WARN_UNUSED_VARIABLE = YES;
				IPHONEOS_DEPLOYMENT_TARGET = 13.6;
				MTL_ENABLE_DEBUG_INFO = NO;
				MTL_FAST_MATH = YES;
				SDKROOT = iphoneos;
				SWIFT_COMPILATION_MODE = wholemodule;
				SWIFT_OPTIMIZATION_LEVEL = "-O";
				VALIDATE_PRODUCT = YES;
			};
			name = Release;
		};
		A052848624F8ABFC00FC2945 /* Debug */ = {
			isa = XCBuildConfiguration;
			buildSettings = {
				ASSETCATALOG_COMPILER_APPICON_NAME = AppIcon;
				CODE_SIGN_STYLE = Automatic;
				DEVELOPMENT_TEAM = YMTB6V6429;
				INFOPLIST_FILE = "_CreativeApps_called Mod1_CreativeApp_GamePaigeK/Info.plist";
				IPHONEOS_DEPLOYMENT_TARGET = 13.4;
				LD_RUNPATH_SEARCH_PATHS = (
					"$(inherited)",
					"@executable_path/Frameworks",
				);
				PRODUCT_BUNDLE_IDENTIFIER = "clc.-CreativeApps-called-Mod1-CreativeApp-GamePaigeK";
				PRODUCT_NAME = "$(TARGET_NAME)";
				SWIFT_VERSION = 5.0;
				TARGETED_DEVICE_FAMILY = "1,2";
			};
			name = Debug;
		};
		A052848724F8ABFC00FC2945 /* Release */ = {
			isa = XCBuildConfiguration;
			buildSettings = {
				ASSETCATALOG_COMPILER_APPICON_NAME = AppIcon;
				CODE_SIGN_STYLE = Automatic;
				DEVELOPMENT_TEAM = YMTB6V6429;
				INFOPLIST_FILE = "_CreativeApps_called Mod1_CreativeApp_GamePaigeK/Info.plist";
				IPHONEOS_DEPLOYMENT_TARGET = 13.4;
				LD_RUNPATH_SEARCH_PATHS = (
					"$(inherited)",
					"@executable_path/Frameworks",
				);
				PRODUCT_BUNDLE_IDENTIFIER = "clc.-CreativeApps-called-Mod1-CreativeApp-GamePaigeK";
				PRODUCT_NAME = "$(TARGET_NAME)";
				SWIFT_VERSION = 5.0;
				TARGETED_DEVICE_FAMILY = "1,2";
			};
			name = Release;
		};
/* End XCBuildConfiguration section */

/* Begin XCConfigurationList section */
		A052846C24F8ABFB00FC2945 /* Build configuration list for PBXProject "_CreativeApps_called Mod1_CreativeApp_GamePaigeK" */ = {
			isa = XCConfigurationList;
			buildConfigurations = (
				A052848324F8ABFC00FC2945 /* Debug */,
				A052848424F8ABFC00FC2945 /* Release */,
			);
			defaultConfigurationIsVisible = 0;
			defaultConfigurationName = Release;
		};
		A052848524F8ABFC00FC2945 /* Build configuration list for PBXNativeTarget "_CreativeApps_called Mod1_CreativeApp_GamePaigeK" */ = {
			isa = XCConfigurationList;
			buildConfigurations = (
				A052848624F8ABFC00FC2945 /* Debug */,
				A052848724F8ABFC00FC2945 /* Release */,
			);
			defaultConfigurationIsVisible = 0;
			defaultConfigurationName = Release;
		};
/* End XCConfigurationList section */
	};
	rootObject = A052846924F8ABFB00FC2945 /* Project object */;
}
